// !$*UTF8*$!
{
	archiveVersion = 1;
	classes = {
	};
	objectVersion = 56;
	objects = {

/* Begin PBXBuildFile section */
		E2044D822A14E58F002B7E34 /* EssentialFeed.framework in Frameworks */ = {isa = PBXBuildFile; fileRef = E2044D812A14E58F002B7E34 /* EssentialFeed.framework */; };
		E2044D832A14E58F002B7E34 /* EssentialFeed.framework in Embed Frameworks */ = {isa = PBXBuildFile; fileRef = E2044D812A14E58F002B7E34 /* EssentialFeed.framework */; settings = {ATTRIBUTES = (CodeSignOnCopy, RemoveHeadersOnCopy, ); }; };
		E2044D862A14E595002B7E34 /* EssentialFeediOS.framework in Frameworks */ = {isa = PBXBuildFile; fileRef = E2044D852A14E595002B7E34 /* EssentialFeediOS.framework */; };
		E2044D872A14E595002B7E34 /* EssentialFeediOS.framework in Embed Frameworks */ = {isa = PBXBuildFile; fileRef = E2044D852A14E595002B7E34 /* EssentialFeediOS.framework */; settings = {ATTRIBUTES = (CodeSignOnCopy, RemoveHeadersOnCopy, ); }; };
		E2044D892A1500FA002B7E34 /* FeedLoaderWithFallbackCompositeTests.swift in Sources */ = {isa = PBXBuildFile; fileRef = E2044D882A1500FA002B7E34 /* FeedLoaderWithFallbackCompositeTests.swift */; };
		E2044D8B2A164AE7002B7E34 /* FeedLoaderWithFallbackComposite.swift in Sources */ = {isa = PBXBuildFile; fileRef = E2044D8A2A164AE7002B7E34 /* FeedLoaderWithFallbackComposite.swift */; };
		E2044D8D2A173D4D002B7E34 /* FeedImageDataLoaderWithFallbackCompositeTests.swift in Sources */ = {isa = PBXBuildFile; fileRef = E2044D8C2A173D4D002B7E34 /* FeedImageDataLoaderWithFallbackCompositeTests.swift */; };
		E2044D902A174403002B7E34 /* XCTestCase+MemoryLeakTracking.swift in Sources */ = {isa = PBXBuildFile; fileRef = E2044D8F2A174403002B7E34 /* XCTestCase+MemoryLeakTracking.swift */; };
		E2AE12CD2A1E3D6B0067F55A /* FeedImageDataLoaderWithFallbackComposite.swift in Sources */ = {isa = PBXBuildFile; fileRef = E2AE12CC2A1E3D6B0067F55A /* FeedImageDataLoaderWithFallbackComposite.swift */; };
		E2B564882A14E3A200593C48 /* AppDelegate.swift in Sources */ = {isa = PBXBuildFile; fileRef = E2B564872A14E3A200593C48 /* AppDelegate.swift */; };
		E2B5648A2A14E3A200593C48 /* SceneDelegate.swift in Sources */ = {isa = PBXBuildFile; fileRef = E2B564892A14E3A200593C48 /* SceneDelegate.swift */; };
		E2B5648C2A14E3A200593C48 /* ViewController.swift in Sources */ = {isa = PBXBuildFile; fileRef = E2B5648B2A14E3A200593C48 /* ViewController.swift */; };
		E2B5648F2A14E3A200593C48 /* Main.storyboard in Resources */ = {isa = PBXBuildFile; fileRef = E2B5648D2A14E3A200593C48 /* Main.storyboard */; };
		E2B564912A14E3A300593C48 /* Assets.xcassets in Resources */ = {isa = PBXBuildFile; fileRef = E2B564902A14E3A300593C48 /* Assets.xcassets */; };
		E2B564942A14E3A300593C48 /* LaunchScreen.storyboard in Resources */ = {isa = PBXBuildFile; fileRef = E2B564922A14E3A300593C48 /* LaunchScreen.storyboard */; };
		E2B5649F2A14E3A400593C48 /* EssentialAppTests.swift in Sources */ = {isa = PBXBuildFile; fileRef = E2B5649E2A14E3A400593C48 /* EssentialAppTests.swift */; };
		E2B564A92A14E3A400593C48 /* EssentialAppUITests.swift in Sources */ = {isa = PBXBuildFile; fileRef = E2B564A82A14E3A400593C48 /* EssentialAppUITests.swift */; };
		E2B564AB2A14E3A400593C48 /* EssentialAppUITestsLaunchTests.swift in Sources */ = {isa = PBXBuildFile; fileRef = E2B564AA2A14E3A400593C48 /* EssentialAppUITestsLaunchTests.swift */; };
/* End PBXBuildFile section */

/* Begin PBXContainerItemProxy section */
		E2B5649B2A14E3A400593C48 /* PBXContainerItemProxy */ = {
			isa = PBXContainerItemProxy;
			containerPortal = E2B5647C2A14E3A200593C48 /* Project object */;
			proxyType = 1;
			remoteGlobalIDString = E2B564832A14E3A200593C48;
			remoteInfo = EssentialApp;
		};
		E2B564A52A14E3A400593C48 /* PBXContainerItemProxy */ = {
			isa = PBXContainerItemProxy;
			containerPortal = E2B5647C2A14E3A200593C48 /* Project object */;
			proxyType = 1;
			remoteGlobalIDString = E2B564832A14E3A200593C48;
			remoteInfo = EssentialApp;
		};
/* End PBXContainerItemProxy section */

/* Begin PBXCopyFilesBuildPhase section */
		E2044D842A14E58F002B7E34 /* Embed Frameworks */ = {
			isa = PBXCopyFilesBuildPhase;
			buildActionMask = 2147483647;
			dstPath = "";
			dstSubfolderSpec = 10;
			files = (
				E2044D832A14E58F002B7E34 /* EssentialFeed.framework in Embed Frameworks */,
				E2044D872A14E595002B7E34 /* EssentialFeediOS.framework in Embed Frameworks */,
			);
			name = "Embed Frameworks";
			runOnlyForDeploymentPostprocessing = 0;
		};
/* End PBXCopyFilesBuildPhase section */

/* Begin PBXFileReference section */
		E2044D812A14E58F002B7E34 /* EssentialFeed.framework */ = {isa = PBXFileReference; explicitFileType = wrapper.framework; path = EssentialFeed.framework; sourceTree = BUILT_PRODUCTS_DIR; };
		E2044D852A14E595002B7E34 /* EssentialFeediOS.framework */ = {isa = PBXFileReference; explicitFileType = wrapper.framework; path = EssentialFeediOS.framework; sourceTree = BUILT_PRODUCTS_DIR; };
		E2044D882A1500FA002B7E34 /* FeedLoaderWithFallbackCompositeTests.swift */ = {isa = PBXFileReference; lastKnownFileType = sourcecode.swift; path = FeedLoaderWithFallbackCompositeTests.swift; sourceTree = "<group>"; };
		E2044D8A2A164AE7002B7E34 /* FeedLoaderWithFallbackComposite.swift */ = {isa = PBXFileReference; lastKnownFileType = sourcecode.swift; path = FeedLoaderWithFallbackComposite.swift; sourceTree = "<group>"; };
		E2044D8C2A173D4D002B7E34 /* FeedImageDataLoaderWithFallbackCompositeTests.swift */ = {isa = PBXFileReference; lastKnownFileType = sourcecode.swift; path = FeedImageDataLoaderWithFallbackCompositeTests.swift; sourceTree = "<group>"; };
		E2044D8F2A174403002B7E34 /* XCTestCase+MemoryLeakTracking.swift */ = {isa = PBXFileReference; lastKnownFileType = sourcecode.swift; path = "XCTestCase+MemoryLeakTracking.swift"; sourceTree = "<group>"; };
		E2AE12CC2A1E3D6B0067F55A /* FeedImageDataLoaderWithFallbackComposite.swift */ = {isa = PBXFileReference; lastKnownFileType = sourcecode.swift; path = FeedImageDataLoaderWithFallbackComposite.swift; sourceTree = "<group>"; };
		E2B564842A14E3A200593C48 /* EssentialApp.app */ = {isa = PBXFileReference; explicitFileType = wrapper.application; includeInIndex = 0; path = EssentialApp.app; sourceTree = BUILT_PRODUCTS_DIR; };
		E2B564872A14E3A200593C48 /* AppDelegate.swift */ = {isa = PBXFileReference; lastKnownFileType = sourcecode.swift; path = AppDelegate.swift; sourceTree = "<group>"; };
		E2B564892A14E3A200593C48 /* SceneDelegate.swift */ = {isa = PBXFileReference; lastKnownFileType = sourcecode.swift; path = SceneDelegate.swift; sourceTree = "<group>"; };
		E2B5648B2A14E3A200593C48 /* ViewController.swift */ = {isa = PBXFileReference; lastKnownFileType = sourcecode.swift; path = ViewController.swift; sourceTree = "<group>"; };
		E2B5648E2A14E3A200593C48 /* Base */ = {isa = PBXFileReference; lastKnownFileType = file.storyboard; name = Base; path = Base.lproj/Main.storyboard; sourceTree = "<group>"; };
		E2B564902A14E3A300593C48 /* Assets.xcassets */ = {isa = PBXFileReference; lastKnownFileType = folder.assetcatalog; path = Assets.xcassets; sourceTree = "<group>"; };
		E2B564932A14E3A300593C48 /* Base */ = {isa = PBXFileReference; lastKnownFileType = file.storyboard; name = Base; path = Base.lproj/LaunchScreen.storyboard; sourceTree = "<group>"; };
		E2B564952A14E3A300593C48 /* Info.plist */ = {isa = PBXFileReference; lastKnownFileType = text.plist.xml; path = Info.plist; sourceTree = "<group>"; };
		E2B5649A2A14E3A400593C48 /* EssentialAppTests.xctest */ = {isa = PBXFileReference; explicitFileType = wrapper.cfbundle; includeInIndex = 0; path = EssentialAppTests.xctest; sourceTree = BUILT_PRODUCTS_DIR; };
		E2B5649E2A14E3A400593C48 /* EssentialAppTests.swift */ = {isa = PBXFileReference; lastKnownFileType = sourcecode.swift; path = EssentialAppTests.swift; sourceTree = "<group>"; };
		E2B564A42A14E3A400593C48 /* EssentialAppUITests.xctest */ = {isa = PBXFileReference; explicitFileType = wrapper.cfbundle; includeInIndex = 0; path = EssentialAppUITests.xctest; sourceTree = BUILT_PRODUCTS_DIR; };
		E2B564A82A14E3A400593C48 /* EssentialAppUITests.swift */ = {isa = PBXFileReference; lastKnownFileType = sourcecode.swift; path = EssentialAppUITests.swift; sourceTree = "<group>"; };
		E2B564AA2A14E3A400593C48 /* EssentialAppUITestsLaunchTests.swift */ = {isa = PBXFileReference; lastKnownFileType = sourcecode.swift; path = EssentialAppUITestsLaunchTests.swift; sourceTree = "<group>"; };
/* End PBXFileReference section */

/* Begin PBXFrameworksBuildPhase section */
		E2B564812A14E3A200593C48 /* Frameworks */ = {
			isa = PBXFrameworksBuildPhase;
			buildActionMask = 2147483647;
			files = (
				E2044D822A14E58F002B7E34 /* EssentialFeed.framework in Frameworks */,
				E2044D862A14E595002B7E34 /* EssentialFeediOS.framework in Frameworks */,
			);
			runOnlyForDeploymentPostprocessing = 0;
		};
		E2B564972A14E3A400593C48 /* Frameworks */ = {
			isa = PBXFrameworksBuildPhase;
			buildActionMask = 2147483647;
			files = (
			);
			runOnlyForDeploymentPostprocessing = 0;
		};
		E2B564A12A14E3A400593C48 /* Frameworks */ = {
			isa = PBXFrameworksBuildPhase;
			buildActionMask = 2147483647;
			files = (
			);
			runOnlyForDeploymentPostprocessing = 0;
		};
/* End PBXFrameworksBuildPhase section */

/* Begin PBXGroup section */
		E2044D802A14E58F002B7E34 /* Frameworks */ = {
			isa = PBXGroup;
			children = (
				E2044D852A14E595002B7E34 /* EssentialFeediOS.framework */,
				E2044D812A14E58F002B7E34 /* EssentialFeed.framework */,
			);
			name = Frameworks;
			sourceTree = "<group>";
		};
		E2044D8E2A1743F7002B7E34 /* Helpers */ = {
			isa = PBXGroup;
			children = (
				E2044D8F2A174403002B7E34 /* XCTestCase+MemoryLeakTracking.swift */,
			);
			path = Helpers;
			sourceTree = "<group>";
		};
		E2B5647B2A14E3A200593C48 = {
			isa = PBXGroup;
			children = (
				E2B564862A14E3A200593C48 /* EssentialApp */,
				E2B5649D2A14E3A400593C48 /* EssentialAppTests */,
				E2B564A72A14E3A400593C48 /* EssentialAppUITests */,
				E2B564852A14E3A200593C48 /* Products */,
				E2044D802A14E58F002B7E34 /* Frameworks */,
			);
			sourceTree = "<group>";
		};
		E2B564852A14E3A200593C48 /* Products */ = {
			isa = PBXGroup;
			children = (
				E2B564842A14E3A200593C48 /* EssentialApp.app */,
				E2B5649A2A14E3A400593C48 /* EssentialAppTests.xctest */,
				E2B564A42A14E3A400593C48 /* EssentialAppUITests.xctest */,
			);
			name = Products;
			sourceTree = "<group>";
		};
		E2B564862A14E3A200593C48 /* EssentialApp */ = {
			isa = PBXGroup;
			children = (
				E2B564872A14E3A200593C48 /* AppDelegate.swift */,
				E2B564892A14E3A200593C48 /* SceneDelegate.swift */,
				E2B5648B2A14E3A200593C48 /* ViewController.swift */,
				E2B5648D2A14E3A200593C48 /* Main.storyboard */,
				E2B564902A14E3A300593C48 /* Assets.xcassets */,
				E2B564922A14E3A300593C48 /* LaunchScreen.storyboard */,
				E2B564952A14E3A300593C48 /* Info.plist */,
				E2044D8A2A164AE7002B7E34 /* FeedLoaderWithFallbackComposite.swift */,
				E2AE12CC2A1E3D6B0067F55A /* FeedImageDataLoaderWithFallbackComposite.swift */,
			);
			path = EssentialApp;
			sourceTree = "<group>";
		};
		E2B5649D2A14E3A400593C48 /* EssentialAppTests */ = {
			isa = PBXGroup;
			children = (
				E2044D8E2A1743F7002B7E34 /* Helpers */,
				E2B5649E2A14E3A400593C48 /* EssentialAppTests.swift */,
				E2044D882A1500FA002B7E34 /* FeedLoaderWithFallbackCompositeTests.swift */,
				E2044D8C2A173D4D002B7E34 /* FeedImageDataLoaderWithFallbackCompositeTests.swift */,
			);
			path = EssentialAppTests;
			sourceTree = "<group>";
		};
		E2B564A72A14E3A400593C48 /* EssentialAppUITests */ = {
			isa = PBXGroup;
			children = (
				E2B564A82A14E3A400593C48 /* EssentialAppUITests.swift */,
				E2B564AA2A14E3A400593C48 /* EssentialAppUITestsLaunchTests.swift */,
			);
			path = EssentialAppUITests;
			sourceTree = "<group>";
		};
/* End PBXGroup section */

/* Begin PBXNativeTarget section */
		E2B564832A14E3A200593C48 /* EssentialApp */ = {
			isa = PBXNativeTarget;
			buildConfigurationList = E2B564AE2A14E3A400593C48 /* Build configuration list for PBXNativeTarget "EssentialApp" */;
			buildPhases = (
				E2B564802A14E3A200593C48 /* Sources */,
				E2B564812A14E3A200593C48 /* Frameworks */,
				E2B564822A14E3A200593C48 /* Resources */,
				E2044D842A14E58F002B7E34 /* Embed Frameworks */,
			);
			buildRules = (
			);
			dependencies = (
			);
			name = EssentialApp;
			productName = EssentialApp;
			productReference = E2B564842A14E3A200593C48 /* EssentialApp.app */;
			productType = "com.apple.product-type.application";
		};
		E2B564992A14E3A400593C48 /* EssentialAppTests */ = {
			isa = PBXNativeTarget;
			buildConfigurationList = E2B564B12A14E3A400593C48 /* Build configuration list for PBXNativeTarget "EssentialAppTests" */;
			buildPhases = (
				E2B564962A14E3A400593C48 /* Sources */,
				E2B564972A14E3A400593C48 /* Frameworks */,
				E2B564982A14E3A400593C48 /* Resources */,
			);
			buildRules = (
			);
			dependencies = (
				E2B5649C2A14E3A400593C48 /* PBXTargetDependency */,
			);
			name = EssentialAppTests;
			productName = EssentialAppTests;
			productReference = E2B5649A2A14E3A400593C48 /* EssentialAppTests.xctest */;
			productType = "com.apple.product-type.bundle.unit-test";
		};
		E2B564A32A14E3A400593C48 /* EssentialAppUITests */ = {
			isa = PBXNativeTarget;
			buildConfigurationList = E2B564B42A14E3A400593C48 /* Build configuration list for PBXNativeTarget "EssentialAppUITests" */;
			buildPhases = (
				E2B564A02A14E3A400593C48 /* Sources */,
				E2B564A12A14E3A400593C48 /* Frameworks */,
				E2B564A22A14E3A400593C48 /* Resources */,
			);
			buildRules = (
			);
			dependencies = (
				E2B564A62A14E3A400593C48 /* PBXTargetDependency */,
			);
			name = EssentialAppUITests;
			productName = EssentialAppUITests;
			productReference = E2B564A42A14E3A400593C48 /* EssentialAppUITests.xctest */;
			productType = "com.apple.product-type.bundle.ui-testing";
		};
/* End PBXNativeTarget section */

/* Begin PBXProject section */
		E2B5647C2A14E3A200593C48 /* Project object */ = {
			isa = PBXProject;
			attributes = {
				BuildIndependentTargetsInParallel = 1;
				LastSwiftUpdateCheck = 1430;
				LastUpgradeCheck = 1430;
				TargetAttributes = {
					E2B564832A14E3A200593C48 = {
						CreatedOnToolsVersion = 14.3;
					};
					E2B564992A14E3A400593C48 = {
						CreatedOnToolsVersion = 14.3;
						TestTargetID = E2B564832A14E3A200593C48;
					};
					E2B564A32A14E3A400593C48 = {
						CreatedOnToolsVersion = 14.3;
						TestTargetID = E2B564832A14E3A200593C48;
					};
				};
			};
			buildConfigurationList = E2B5647F2A14E3A200593C48 /* Build configuration list for PBXProject "EssentialApp" */;
			compatibilityVersion = "Xcode 14.0";
			developmentRegion = en;
			hasScannedForEncodings = 0;
			knownRegions = (
				en,
				Base,
			);
			mainGroup = E2B5647B2A14E3A200593C48;
			productRefGroup = E2B564852A14E3A200593C48 /* Products */;
			projectDirPath = "";
			projectRoot = "";
			targets = (
				E2B564832A14E3A200593C48 /* EssentialApp */,
				E2B564992A14E3A400593C48 /* EssentialAppTests */,
				E2B564A32A14E3A400593C48 /* EssentialAppUITests */,
			);
		};
/* End PBXProject section */

/* Begin PBXResourcesBuildPhase section */
		E2B564822A14E3A200593C48 /* Resources */ = {
			isa = PBXResourcesBuildPhase;
			buildActionMask = 2147483647;
			files = (
				E2B564942A14E3A300593C48 /* LaunchScreen.storyboard in Resources */,
				E2B564912A14E3A300593C48 /* Assets.xcassets in Resources */,
				E2B5648F2A14E3A200593C48 /* Main.storyboard in Resources */,
			);
			runOnlyForDeploymentPostprocessing = 0;
		};
		E2B564982A14E3A400593C48 /* Resources */ = {
			isa = PBXResourcesBuildPhase;
			buildActionMask = 2147483647;
			files = (
			);
			runOnlyForDeploymentPostprocessing = 0;
		};
		E2B564A22A14E3A400593C48 /* Resources */ = {
			isa = PBXResourcesBuildPhase;
			buildActionMask = 2147483647;
			files = (
			);
			runOnlyForDeploymentPostprocessing = 0;
		};
/* End PBXResourcesBuildPhase section */

/* Begin PBXSourcesBuildPhase section */
		E2B564802A14E3A200593C48 /* Sources */ = {
			isa = PBXSourcesBuildPhase;
			buildActionMask = 2147483647;
			files = (
				E2B5648C2A14E3A200593C48 /* ViewController.swift in Sources */,
				E2B564882A14E3A200593C48 /* AppDelegate.swift in Sources */,
				E2044D8B2A164AE7002B7E34 /* FeedLoaderWithFallbackComposite.swift in Sources */,
				E2B5648A2A14E3A200593C48 /* SceneDelegate.swift in Sources */,
				E2AE12CD2A1E3D6B0067F55A /* FeedImageDataLoaderWithFallbackComposite.swift in Sources */,
			);
			runOnlyForDeploymentPostprocessing = 0;
		};
		E2B564962A14E3A400593C48 /* Sources */ = {
			isa = PBXSourcesBuildPhase;
			buildActionMask = 2147483647;
			files = (
				E2044D892A1500FA002B7E34 /* FeedLoaderWithFallbackCompositeTests.swift in Sources */,
				E2B5649F2A14E3A400593C48 /* EssentialAppTests.swift in Sources */,
				E2044D902A174403002B7E34 /* XCTestCase+MemoryLeakTracking.swift in Sources */,
				E2044D8D2A173D4D002B7E34 /* FeedImageDataLoaderWithFallbackCompositeTests.swift in Sources */,
			);
			runOnlyForDeploymentPostprocessing = 0;
		};
		E2B564A02A14E3A400593C48 /* Sources */ = {
			isa = PBXSourcesBuildPhase;
			buildActionMask = 2147483647;
			files = (
				E2B564A92A14E3A400593C48 /* EssentialAppUITests.swift in Sources */,
				E2B564AB2A14E3A400593C48 /* EssentialAppUITestsLaunchTests.swift in Sources */,
			);
			runOnlyForDeploymentPostprocessing = 0;
		};
/* End PBXSourcesBuildPhase section */

/* Begin PBXTargetDependency section */
		E2B5649C2A14E3A400593C48 /* PBXTargetDependency */ = {
			isa = PBXTargetDependency;
			target = E2B564832A14E3A200593C48 /* EssentialApp */;
			targetProxy = E2B5649B2A14E3A400593C48 /* PBXContainerItemProxy */;
		};
		E2B564A62A14E3A400593C48 /* PBXTargetDependency */ = {
			isa = PBXTargetDependency;
			target = E2B564832A14E3A200593C48 /* EssentialApp */;
			targetProxy = E2B564A52A14E3A400593C48 /* PBXContainerItemProxy */;
		};
/* End PBXTargetDependency section */

/* Begin PBXVariantGroup section */
		E2B5648D2A14E3A200593C48 /* Main.storyboard */ = {
			isa = PBXVariantGroup;
			children = (
				E2B5648E2A14E3A200593C48 /* Base */,
			);
			name = Main.storyboard;
			sourceTree = "<group>";
		};
		E2B564922A14E3A300593C48 /* LaunchScreen.storyboard */ = {
			isa = PBXVariantGroup;
			children = (
				E2B564932A14E3A300593C48 /* Base */,
			);
			name = LaunchScreen.storyboard;
			sourceTree = "<group>";
		};
/* End PBXVariantGroup section */

/* Begin XCBuildConfiguration section */
		E2B564AC2A14E3A400593C48 /* Debug */ = {
			isa = XCBuildConfiguration;
			buildSettings = {
				ALWAYS_SEARCH_USER_PATHS = NO;
				CLANG_ANALYZER_NONNULL = YES;
				CLANG_ANALYZER_NUMBER_OBJECT_CONVERSION = YES_AGGRESSIVE;
				CLANG_CXX_LANGUAGE_STANDARD = "gnu++20";
				CLANG_ENABLE_MODULES = YES;
				CLANG_ENABLE_OBJC_ARC = YES;
				CLANG_ENABLE_OBJC_WEAK = YES;
				CLANG_WARN_BLOCK_CAPTURE_AUTORELEASING = YES;
				CLANG_WARN_BOOL_CONVERSION = YES;
				CLANG_WARN_COMMA = YES;
				CLANG_WARN_CONSTANT_CONVERSION = YES;
				CLANG_WARN_DEPRECATED_OBJC_IMPLEMENTATIONS = YES;
				CLANG_WARN_DIRECT_OBJC_ISA_USAGE = YES_ERROR;
				CLANG_WARN_DOCUMENTATION_COMMENTS = YES;
				CLANG_WARN_EMPTY_BODY = YES;
				CLANG_WARN_ENUM_CONVERSION = YES;
				CLANG_WARN_INFINITE_RECURSION = YES;
				CLANG_WARN_INT_CONVERSION = YES;
				CLANG_WARN_NON_LITERAL_NULL_CONVERSION = YES;
				CLANG_WARN_OBJC_IMPLICIT_RETAIN_SELF = YES;
				CLANG_WARN_OBJC_LITERAL_CONVERSION = YES;
				CLANG_WARN_OBJC_ROOT_CLASS = YES_ERROR;
				CLANG_WARN_QUOTED_INCLUDE_IN_FRAMEWORK_HEADER = YES;
				CLANG_WARN_RANGE_LOOP_ANALYSIS = YES;
				CLANG_WARN_STRICT_PROTOTYPES = YES;
				CLANG_WARN_SUSPICIOUS_MOVE = YES;
				CLANG_WARN_UNGUARDED_AVAILABILITY = YES_AGGRESSIVE;
				CLANG_WARN_UNREACHABLE_CODE = YES;
				CLANG_WARN__DUPLICATE_METHOD_MATCH = YES;
				COPY_PHASE_STRIP = NO;
				DEBUG_INFORMATION_FORMAT = dwarf;
				ENABLE_STRICT_OBJC_MSGSEND = YES;
				ENABLE_TESTABILITY = YES;
				GCC_C_LANGUAGE_STANDARD = gnu11;
				GCC_DYNAMIC_NO_PIC = NO;
				GCC_NO_COMMON_BLOCKS = YES;
				GCC_OPTIMIZATION_LEVEL = 0;
				GCC_PREPROCESSOR_DEFINITIONS = (
					"DEBUG=1",
					"$(inherited)",
				);
				GCC_WARN_64_TO_32_BIT_CONVERSION = YES;
				GCC_WARN_ABOUT_RETURN_TYPE = YES_ERROR;
				GCC_WARN_UNDECLARED_SELECTOR = YES;
				GCC_WARN_UNINITIALIZED_AUTOS = YES_AGGRESSIVE;
				GCC_WARN_UNUSED_FUNCTION = YES;
				GCC_WARN_UNUSED_VARIABLE = YES;
				IPHONEOS_DEPLOYMENT_TARGET = 16.4;
				MTL_ENABLE_DEBUG_INFO = INCLUDE_SOURCE;
				MTL_FAST_MATH = YES;
				ONLY_ACTIVE_ARCH = YES;
				SDKROOT = iphoneos;
				SWIFT_ACTIVE_COMPILATION_CONDITIONS = DEBUG;
				SWIFT_OPTIMIZATION_LEVEL = "-Onone";
			};
			name = Debug;
		};
		E2B564AD2A14E3A400593C48 /* Release */ = {
			isa = XCBuildConfiguration;
			buildSettings = {
				ALWAYS_SEARCH_USER_PATHS = NO;
				CLANG_ANALYZER_NONNULL = YES;
				CLANG_ANALYZER_NUMBER_OBJECT_CONVERSION = YES_AGGRESSIVE;
				CLANG_CXX_LANGUAGE_STANDARD = "gnu++20";
				CLANG_ENABLE_MODULES = YES;
				CLANG_ENABLE_OBJC_ARC = YES;
				CLANG_ENABLE_OBJC_WEAK = YES;
				CLANG_WARN_BLOCK_CAPTURE_AUTORELEASING = YES;
				CLANG_WARN_BOOL_CONVERSION = YES;
				CLANG_WARN_COMMA = YES;
				CLANG_WARN_CONSTANT_CONVERSION = YES;
				CLANG_WARN_DEPRECATED_OBJC_IMPLEMENTATIONS = YES;
				CLANG_WARN_DIRECT_OBJC_ISA_USAGE = YES_ERROR;
				CLANG_WARN_DOCUMENTATION_COMMENTS = YES;
				CLANG_WARN_EMPTY_BODY = YES;
				CLANG_WARN_ENUM_CONVERSION = YES;
				CLANG_WARN_INFINITE_RECURSION = YES;
				CLANG_WARN_INT_CONVERSION = YES;
				CLANG_WARN_NON_LITERAL_NULL_CONVERSION = YES;
				CLANG_WARN_OBJC_IMPLICIT_RETAIN_SELF = YES;
				CLANG_WARN_OBJC_LITERAL_CONVERSION = YES;
				CLANG_WARN_OBJC_ROOT_CLASS = YES_ERROR;
				CLANG_WARN_QUOTED_INCLUDE_IN_FRAMEWORK_HEADER = YES;
				CLANG_WARN_RANGE_LOOP_ANALYSIS = YES;
				CLANG_WARN_STRICT_PROTOTYPES = YES;
				CLANG_WARN_SUSPICIOUS_MOVE = YES;
				CLANG_WARN_UNGUARDED_AVAILABILITY = YES_AGGRESSIVE;
				CLANG_WARN_UNREACHABLE_CODE = YES;
				CLANG_WARN__DUPLICATE_METHOD_MATCH = YES;
				COPY_PHASE_STRIP = NO;
				DEBUG_INFORMATION_FORMAT = "dwarf-with-dsym";
				ENABLE_NS_ASSERTIONS = NO;
				ENABLE_STRICT_OBJC_MSGSEND = YES;
				GCC_C_LANGUAGE_STANDARD = gnu11;
				GCC_NO_COMMON_BLOCKS = YES;
				GCC_WARN_64_TO_32_BIT_CONVERSION = YES;
				GCC_WARN_ABOUT_RETURN_TYPE = YES_ERROR;
				GCC_WARN_UNDECLARED_SELECTOR = YES;
				GCC_WARN_UNINITIALIZED_AUTOS = YES_AGGRESSIVE;
				GCC_WARN_UNUSED_FUNCTION = YES;
				GCC_WARN_UNUSED_VARIABLE = YES;
				IPHONEOS_DEPLOYMENT_TARGET = 16.4;
				MTL_ENABLE_DEBUG_INFO = NO;
				MTL_FAST_MATH = YES;
				SDKROOT = iphoneos;
				SWIFT_COMPILATION_MODE = wholemodule;
				SWIFT_OPTIMIZATION_LEVEL = "-O";
				VALIDATE_PRODUCT = YES;
			};
			name = Release;
		};
		E2B564AF2A14E3A400593C48 /* Debug */ = {
			isa = XCBuildConfiguration;
			buildSettings = {
				ASSETCATALOG_COMPILER_APPICON_NAME = AppIcon;
				ASSETCATALOG_COMPILER_GLOBAL_ACCENT_COLOR_NAME = AccentColor;
				CODE_SIGN_STYLE = Automatic;
				CURRENT_PROJECT_VERSION = 1;
				DEVELOPMENT_TEAM = LVML7564ED;
				GENERATE_INFOPLIST_FILE = YES;
				INFOPLIST_FILE = EssentialApp/Info.plist;
				INFOPLIST_KEY_UIApplicationSupportsIndirectInputEvents = YES;
				INFOPLIST_KEY_UILaunchStoryboardName = LaunchScreen;
				INFOPLIST_KEY_UIMainStoryboardFile = Main;
				INFOPLIST_KEY_UISupportedInterfaceOrientations = UIInterfaceOrientationPortrait;
				INFOPLIST_KEY_UISupportedInterfaceOrientations_iPad = "UIInterfaceOrientationLandscapeLeft UIInterfaceOrientationLandscapeRight UIInterfaceOrientationPortrait UIInterfaceOrientationPortraitUpsideDown";
				LD_RUNPATH_SEARCH_PATHS = (
					"$(inherited)",
					"@executable_path/Frameworks",
				);
				MARKETING_VERSION = 1.0;
				PRODUCT_BUNDLE_IDENTIFIER = com.NewApp.something.EssentialApp;
				PRODUCT_NAME = "$(TARGET_NAME)";
				SWIFT_EMIT_LOC_STRINGS = YES;
				SWIFT_VERSION = 5.0;
				TARGETED_DEVICE_FAMILY = "1,2";
			};
			name = Debug;
		};
		E2B564B02A14E3A400593C48 /* Release */ = {
			isa = XCBuildConfiguration;
			buildSettings = {
				ASSETCATALOG_COMPILER_APPICON_NAME = AppIcon;
				ASSETCATALOG_COMPILER_GLOBAL_ACCENT_COLOR_NAME = AccentColor;
				CODE_SIGN_STYLE = Automatic;
				CURRENT_PROJECT_VERSION = 1;
				DEVELOPMENT_TEAM = LVML7564ED;
				GENERATE_INFOPLIST_FILE = YES;
				INFOPLIST_FILE = EssentialApp/Info.plist;
				INFOPLIST_KEY_UIApplicationSupportsIndirectInputEvents = YES;
				INFOPLIST_KEY_UILaunchStoryboardName = LaunchScreen;
				INFOPLIST_KEY_UIMainStoryboardFile = Main;
				INFOPLIST_KEY_UISupportedInterfaceOrientations = UIInterfaceOrientationPortrait;
				INFOPLIST_KEY_UISupportedInterfaceOrientations_iPad = "UIInterfaceOrientationLandscapeLeft UIInterfaceOrientationLandscapeRight UIInterfaceOrientationPortrait UIInterfaceOrientationPortraitUpsideDown";
				LD_RUNPATH_SEARCH_PATHS = (
					"$(inherited)",
					"@executable_path/Frameworks",
				);
				MARKETING_VERSION = 1.0;
				PRODUCT_BUNDLE_IDENTIFIER = com.NewApp.something.EssentialApp;
				PRODUCT_NAME = "$(TARGET_NAME)";
				SWIFT_EMIT_LOC_STRINGS = YES;
				SWIFT_VERSION = 5.0;
				TARGETED_DEVICE_FAMILY = "1,2";
			};
			name = Release;
		};
		E2B564B22A14E3A400593C48 /* Debug */ = {
			isa = XCBuildConfiguration;
			buildSettings = {
				ALWAYS_EMBED_SWIFT_STANDARD_LIBRARIES = YES;
				BUNDLE_LOADER = "$(TEST_HOST)";
				CODE_SIGN_STYLE = Automatic;
				CURRENT_PROJECT_VERSION = 1;
				DEVELOPMENT_TEAM = LVML7564ED;
				GENERATE_INFOPLIST_FILE = YES;
				IPHONEOS_DEPLOYMENT_TARGET = 16.4;
				MARKETING_VERSION = 1.0;
				PRODUCT_BUNDLE_IDENTIFIER = com.NewApp.something.EssentialAppTests;
				PRODUCT_NAME = "$(TARGET_NAME)";
				SWIFT_EMIT_LOC_STRINGS = NO;
				SWIFT_VERSION = 5.0;
				TARGETED_DEVICE_FAMILY = "1,2";
				TEST_HOST = "$(BUILT_PRODUCTS_DIR)/EssentialApp.app/$(BUNDLE_EXECUTABLE_FOLDER_PATH)/EssentialApp";
			};
			name = Debug;
		};
		E2B564B32A14E3A400593C48 /* Release */ = {
			isa = XCBuildConfiguration;
			buildSettings = {
				ALWAYS_EMBED_SWIFT_STANDARD_LIBRARIES = YES;
				BUNDLE_LOADER = "$(TEST_HOST)";
				CODE_SIGN_STYLE = Automatic;
				CURRENT_PROJECT_VERSION = 1;
				DEVELOPMENT_TEAM = LVML7564ED;
				GENERATE_INFOPLIST_FILE = YES;
				IPHONEOS_DEPLOYMENT_TARGET = 16.4;
				MARKETING_VERSION = 1.0;
				PRODUCT_BUNDLE_IDENTIFIER = com.NewApp.something.EssentialAppTests;
				PRODUCT_NAME = "$(TARGET_NAME)";
				SWIFT_EMIT_LOC_STRINGS = NO;
				SWIFT_VERSION = 5.0;
				TARGETED_DEVICE_FAMILY = "1,2";
				TEST_HOST = "$(BUILT_PRODUCTS_DIR)/EssentialApp.app/$(BUNDLE_EXECUTABLE_FOLDER_PATH)/EssentialApp";
			};
			name = Release;
		};
		E2B564B52A14E3A400593C48 /* Debug */ = {
			isa = XCBuildConfiguration;
			buildSettings = {
				ALWAYS_EMBED_SWIFT_STANDARD_LIBRARIES = YES;
				CODE_SIGN_STYLE = Automatic;
				CURRENT_PROJECT_VERSION = 1;
				DEVELOPMENT_TEAM = LVML7564ED;
				GENERATE_INFOPLIST_FILE = YES;
				MARKETING_VERSION = 1.0;
				PRODUCT_BUNDLE_IDENTIFIER = com.NewApp.something.EssentialAppUITests;
				PRODUCT_NAME = "$(TARGET_NAME)";
				SWIFT_EMIT_LOC_STRINGS = NO;
				SWIFT_VERSION = 5.0;
				TARGETED_DEVICE_FAMILY = "1,2";
				TEST_TARGET_NAME = EssentialApp;
			};
			name = Debug;
		};
		E2B564B62A14E3A400593C48 /* Release */ = {
			isa = XCBuildConfiguration;
			buildSettings = {
				ALWAYS_EMBED_SWIFT_STANDARD_LIBRARIES = YES;
				CODE_SIGN_STYLE = Automatic;
				CURRENT_PROJECT_VERSION = 1;
				DEVELOPMENT_TEAM = LVML7564ED;
				GENERATE_INFOPLIST_FILE = YES;
				MARKETING_VERSION = 1.0;
				PRODUCT_BUNDLE_IDENTIFIER = com.NewApp.something.EssentialAppUITests;
				PRODUCT_NAME = "$(TARGET_NAME)";
				SWIFT_EMIT_LOC_STRINGS = NO;
				SWIFT_VERSION = 5.0;
				TARGETED_DEVICE_FAMILY = "1,2";
				TEST_TARGET_NAME = EssentialApp;
			};
			name = Release;
		};
/* End XCBuildConfiguration section */

/* Begin XCConfigurationList section */
		E2B5647F2A14E3A200593C48 /* Build configuration list for PBXProject "EssentialApp" */ = {
			isa = XCConfigurationList;
			buildConfigurations = (
				E2B564AC2A14E3A400593C48 /* Debug */,
				E2B564AD2A14E3A400593C48 /* Release */,
			);
			defaultConfigurationIsVisible = 0;
			defaultConfigurationName = Release;
		};
		E2B564AE2A14E3A400593C48 /* Build configuration list for PBXNativeTarget "EssentialApp" */ = {
			isa = XCConfigurationList;
			buildConfigurations = (
				E2B564AF2A14E3A400593C48 /* Debug */,
				E2B564B02A14E3A400593C48 /* Release */,
			);
			defaultConfigurationIsVisible = 0;
			defaultConfigurationName = Release;
		};
		E2B564B12A14E3A400593C48 /* Build configuration list for PBXNativeTarget "EssentialAppTests" */ = {
			isa = XCConfigurationList;
			buildConfigurations = (
				E2B564B22A14E3A400593C48 /* Debug */,
				E2B564B32A14E3A400593C48 /* Release */,
			);
			defaultConfigurationIsVisible = 0;
			defaultConfigurationName = Release;
		};
		E2B564B42A14E3A400593C48 /* Build configuration list for PBXNativeTarget "EssentialAppUITests" */ = {
			isa = XCConfigurationList;
			buildConfigurations = (
				E2B564B52A14E3A400593C48 /* Debug */,
				E2B564B62A14E3A400593C48 /* Release */,
			);
			defaultConfigurationIsVisible = 0;
			defaultConfigurationName = Release;
		};
/* End XCConfigurationList section */
	};
	rootObject = E2B5647C2A14E3A200593C48 /* Project object */;
}
